
Microsoft Visual Studio Solution File, Format Version 12.00
# Visual Studio Version 16
VisualStudioVersion = 16.0.31515.178
MinimumVisualStudioVersion = 10.0.40219.1
Project("{FAE04EC0-301F-11D3-BF4B-00C04F79EFBC}") = "vehicles.common", "vehicles.common\vehicles.common.csproj", "{03D7A993-03CE-427A-A6AA-DF6605053A48}"
EndProject
Project("{FAE04EC0-301F-11D3-BF4B-00C04F79EFBC}") = "vehicles.API", "vehicles.API\vehicles.API.csproj", "{9B866E28-1A95-4466-B771-53B2F06F1386}"
EndProject
Global
	GlobalSection(SolutionConfigurationPlatforms) = preSolution
		Debug|Any CPU = Debug|Any CPU
		Release|Any CPU = Release|Any CPU
	EndGlobalSection
	GlobalSection(ProjectConfigurationPlatforms) = postSolution
		{03D7A993-03CE-427A-A6AA-DF6605053A48}.Debug|Any CPU.ActiveCfg = Debug|Any CPU
		{03D7A993-03CE-427A-A6AA-DF6605053A48}.Debug|Any CPU.Build.0 = Debug|Any CPU
		{03D7A993-03CE-427A-A6AA-DF6605053A48}.Release|Any CPU.ActiveCfg = Release|Any CPU
		{03D7A993-03CE-427A-A6AA-DF6605053A48}.Release|Any CPU.Build.0 = Release|Any CPU
		{9B866E28-1A95-4466-B771-53B2F06F1386}.Debug|Any CPU.ActiveCfg = Debug|Any CPU
		{9B866E28-1A95-4466-B771-53B2F06F1386}.Debug|Any CPU.Build.0 = Debug|Any CPU
		{9B866E28-1A95-4466-B771-53B2F06F1386}.Release|Any CPU.ActiveCfg = Release|Any CPU
		{9B866E28-1A95-4466-B771-53B2F06F1386}.Release|Any CPU.Build.0 = Release|Any CPU
	EndGlobalSection
	GlobalSection(SolutionProperties) = preSolution
		HideSolutionNode = FALSE
	EndGlobalSection
	GlobalSection(ExtensibilityGlobals) = postSolution
		SolutionGuid = {09C9285A-B1C2-43AC-A97A-710517881E6C}
	EndGlobalSection
EndGlobal
